// !$*UTF8*$!
{
	archiveVersion = 1;
	classes = {
	};
	objectVersion = 56;
	objects = {

/* Begin PBXBuildFile section */
		3607B3B12C3F088E00A95966 /* ScoreGame.swift in Sources */ = {isa = PBXBuildFile; fileRef = 3607B3B02C3F088E00A95966 /* ScoreGame.swift */; };
		36851D8F2C35BBF70059D9AE /* AppDelegate.swift in Sources */ = {isa = PBXBuildFile; fileRef = 36851D8E2C35BBF70059D9AE /* AppDelegate.swift */; };
		36851D912C35BBF70059D9AE /* SceneDelegate.swift in Sources */ = {isa = PBXBuildFile; fileRef = 36851D902C35BBF70059D9AE /* SceneDelegate.swift */; };
		36851D932C35BBF70059D9AE /* DataManager.swift in Sources */ = {isa = PBXBuildFile; fileRef = 36851D922C35BBF70059D9AE /* DataManager.swift */; };
		36851D962C35BBF70059D9AE /* Base in Resources */ = {isa = PBXBuildFile; fileRef = 36851D952C35BBF70059D9AE /* Base */; };
		36851D982C35BBF90059D9AE /* Assets.xcassets in Resources */ = {isa = PBXBuildFile; fileRef = 36851D972C35BBF90059D9AE /* Assets.xcassets */; };
		36851D9B2C35BBF90059D9AE /* Base in Resources */ = {isa = PBXBuildFile; fileRef = 36851D9A2C35BBF90059D9AE /* Base */; };
		36851DA32C35D7870059D9AE /* GameController.swift in Sources */ = {isa = PBXBuildFile; fileRef = 36851DA22C35D7870059D9AE /* GameController.swift */; };
/* End PBXBuildFile section */

/* Begin PBXFileReference section */
		3607B3B02C3F088E00A95966 /* ScoreGame.swift */ = {isa = PBXFileReference; lastKnownFileType = sourcecode.swift; path = ScoreGame.swift; sourceTree = "<group>"; };
		36851D8B2C35BBF70059D9AE /* CG.app */ = {isa = PBXFileReference; explicitFileType = wrapper.application; includeInIndex = 0; path = CG.app; sourceTree = BUILT_PRODUCTS_DIR; };
		36851D8E2C35BBF70059D9AE /* AppDelegate.swift */ = {isa = PBXFileReference; lastKnownFileType = sourcecode.swift; path = AppDelegate.swift; sourceTree = "<group>"; };
		36851D902C35BBF70059D9AE /* SceneDelegate.swift */ = {isa = PBXFileReference; lastKnownFileType = sourcecode.swift; path = SceneDelegate.swift; sourceTree = "<group>"; };
		36851D922C35BBF70059D9AE /* DataManager.swift */ = {isa = PBXFileReference; lastKnownFileType = sourcecode.swift; path = DataManager.swift; sourceTree = "<group>"; };
		36851D952C35BBF70059D9AE /* Base */ = {isa = PBXFileReference; lastKnownFileType = file.storyboard; name = Base; path = Base.lproj/Main.storyboard; sourceTree = "<group>"; };
		36851D972C35BBF90059D9AE /* Assets.xcassets */ = {isa = PBXFileReference; lastKnownFileType = folder.assetcatalog; path = Assets.xcassets; sourceTree = "<group>"; };
		36851D9A2C35BBF90059D9AE /* Base */ = {isa = PBXFileReference; lastKnownFileType = file.storyboard; name = Base; path = Base.lproj/LaunchScreen.storyboard; sourceTree = "<group>"; };
		36851D9C2C35BBF90059D9AE /* Info.plist */ = {isa = PBXFileReference; lastKnownFileType = text.plist.xml; path = Info.plist; sourceTree = "<group>"; };
		36851DA22C35D7870059D9AE /* GameController.swift */ = {isa = PBXFileReference; lastKnownFileType = sourcecode.swift; path = GameController.swift; sourceTree = "<group>"; };
/* End PBXFileReference section */

/* Begin PBXFrameworksBuildPhase section */
		36851D882C35BBF70059D9AE /* Frameworks */ = {
			isa = PBXFrameworksBuildPhase;
			buildActionMask = 2147483647;
			files = (
			);
			runOnlyForDeploymentPostprocessing = 0;
		};
/* End PBXFrameworksBuildPhase section */

/* Begin PBXGroup section */
		36851D822C35BBF70059D9AE = {
			isa = PBXGroup;
			children = (
				36851D8D2C35BBF70059D9AE /* CG */,
				36851D8C2C35BBF70059D9AE /* Products */,
			);
			sourceTree = "<group>";
		};
		36851D8C2C35BBF70059D9AE /* Products */ = {
			isa = PBXGroup;
			children = (
				36851D8B2C35BBF70059D9AE /* CG.app */,
			);
			name = Products;
			sourceTree = "<group>";
		};
		36851D8D2C35BBF70059D9AE /* CG */ = {
			isa = PBXGroup;
			children = (
				3607B3B02C3F088E00A95966 /* ScoreGame.swift */,
				36851D8E2C35BBF70059D9AE /* AppDelegate.swift */,
				36851DA22C35D7870059D9AE /* GameController.swift */,
				36851D902C35BBF70059D9AE /* SceneDelegate.swift */,
				36851D922C35BBF70059D9AE /* DataManager.swift */,
				36851D942C35BBF70059D9AE /* Main.storyboard */,
				36851D972C35BBF90059D9AE /* Assets.xcassets */,
				36851D992C35BBF90059D9AE /* LaunchScreen.storyboard */,
				36851D9C2C35BBF90059D9AE /* Info.plist */,
			);
			path = CG;
			sourceTree = "<group>";
		};
/* End PBXGroup section */

/* Begin PBXNativeTarget section */
		36851D8A2C35BBF70059D9AE /* CG */ = {
			isa = PBXNativeTarget;
			buildConfigurationList = 36851D9F2C35BBF90059D9AE /* Build configuration list for PBXNativeTarget "CG" */;
			buildPhases = (
				36851D872C35BBF70059D9AE /* Sources */,
				36851D882C35BBF70059D9AE /* Frameworks */,
				36851D892C35BBF70059D9AE /* Resources */,
			);
			buildRules = (
			);
			dependencies = (
			);
			name = CG;
			productName = CG;
			productReference = 36851D8B2C35BBF70059D9AE /* CG.app */;
			productType = "com.apple.product-type.application";
		};
/* End PBXNativeTarget section */

/* Begin PBXProject section */
		36851D832C35BBF70059D9AE /* Project object */ = {
			isa = PBXProject;
			attributes = {
				BuildIndependentTargetsInParallel = 1;
				LastSwiftUpdateCheck = 1540;
				LastUpgradeCheck = 1540;
				TargetAttributes = {
					36851D8A2C35BBF70059D9AE = {
						CreatedOnToolsVersion = 15.4;
					};
				};
			};
			buildConfigurationList = 36851D862C35BBF70059D9AE /* Build configuration list for PBXProject "CG" */;
			compatibilityVersion = "Xcode 14.0";
			developmentRegion = en;
			hasScannedForEncodings = 0;
			knownRegions = (
				en,
				Base,
			);
			mainGroup = 36851D822C35BBF70059D9AE;
			productRefGroup = 36851D8C2C35BBF70059D9AE /* Products */;
			projectDirPath = "";
			projectRoot = "";
			targets = (
				36851D8A2C35BBF70059D9AE /* CG */,
			);
		};
/* End PBXProject section */

/* Begin PBXResourcesBuildPhase section */
		36851D892C35BBF70059D9AE /* Resources */ = {
			isa = PBXResourcesBuildPhase;
			buildActionMask = 2147483647;
			files = (
				36851D982C35BBF90059D9AE /* Assets.xcassets in Resources */,
				36851D9B2C35BBF90059D9AE /* Base in Resources */,
				36851D962C35BBF70059D9AE /* Base in Resources */,
			);
			runOnlyForDeploymentPostprocessing = 0;
		};
/* End PBXResourcesBuildPhase section */

/* Begin PBXSourcesBuildPhase section */
		36851D872C35BBF70059D9AE /* Sources */ = {
			isa = PBXSourcesBuildPhase;
			buildActionMask = 2147483647;
			files = (
				36851D932C35BBF70059D9AE /* DataManager.swift in Sources */,
				36851DA32C35D7870059D9AE /* GameController.swift in Sources */,
				36851D8F2C35BBF70059D9AE /* AppDelegate.swift in Sources */,
				36851D912C35BBF70059D9AE /* SceneDelegate.swift in Sources */,
				3607B3B12C3F088E00A95966 /* ScoreGame.swift in Sources */,
			);
			runOnlyForDeploymentPostprocessing = 0;
		};
/* End PBXSourcesBuildPhase section */

/* Begin PBXVariantGroup section */
		36851D942C35BBF70059D9AE /* Main.storyboard */ = {
			isa = PBXVariantGroup;
			children = (
				36851D952C35BBF70059D9AE /* Base */,
			);
			name = Main.storyboard;
			sourceTree = "<group>";
		};
		36851D992C35BBF90059D9AE /* LaunchScreen.storyboard */ = {
			isa = PBXVariantGroup;
			children = (
				36851D9A2C35BBF90059D9AE /* Base */,
			);
			name = LaunchScreen.storyboard;
			sourceTree = "<group>";
		};
/* End PBXVariantGroup section */

/* Begin XCBuildConfiguration section */
		36851D9D2C35BBF90059D9AE /* Debug */ = {
			isa = XCBuildConfiguration;
			buildSettings = {
				ALWAYS_SEARCH_USER_PATHS = NO;
				ASSETCATALOG_COMPILER_GENERATE_SWIFT_ASSET_SYMBOL_EXTENSIONS = YES;
				CLANG_ANALYZER_NONNULL = YES;
				CLANG_ANALYZER_NUMBER_OBJECT_CONVERSION = YES_AGGRESSIVE;
				CLANG_CXX_LANGUAGE_STANDARD = "gnu++20";
				CLANG_ENABLE_MODULES = YES;
				CLANG_ENABLE_OBJC_ARC = YES;
				CLANG_ENABLE_OBJC_WEAK = YES;
				CLANG_WARN_BLOCK_CAPTURE_AUTORELEASING = YES;
				CLANG_WARN_BOOL_CONVERSION = YES;
				CLANG_WARN_COMMA = YES;
				CLANG_WARN_CONSTANT_CONVERSION = YES;
				CLANG_WARN_DEPRECATED_OBJC_IMPLEMENTATIONS = YES;
				CLANG_WARN_DIRECT_OBJC_ISA_USAGE = YES_ERROR;
				CLANG_WARN_DOCUMENTATION_COMMENTS = YES;
				CLANG_WARN_EMPTY_BODY = YES;
				CLANG_WARN_ENUM_CONVERSION = YES;
				CLANG_WARN_INFINITE_RECURSION = YES;
				CLANG_WARN_INT_CONVERSION = YES;
				CLANG_WARN_NON_LITERAL_NULL_CONVERSION = YES;
				CLANG_WARN_OBJC_IMPLICIT_RETAIN_SELF = YES;
				CLANG_WARN_OBJC_LITERAL_CONVERSION = YES;
				CLANG_WARN_OBJC_ROOT_CLASS = YES_ERROR;
				CLANG_WARN_QUOTED_INCLUDE_IN_FRAMEWORK_HEADER = YES;
				CLANG_WARN_RANGE_LOOP_ANALYSIS = YES;
				CLANG_WARN_STRICT_PROTOTYPES = YES;
				CLANG_WARN_SUSPICIOUS_MOVE = YES;
				CLANG_WARN_UNGUARDED_AVAILABILITY = YES_AGGRESSIVE;
				CLANG_WARN_UNREACHABLE_CODE = YES;
				CLANG_WARN__DUPLICATE_METHOD_MATCH = YES;
				COPY_PHASE_STRIP = NO;
				DEBUG_INFORMATION_FORMAT = dwarf;
				ENABLE_STRICT_OBJC_MSGSEND = YES;
				ENABLE_TESTABILITY = YES;
				ENABLE_USER_SCRIPT_SANDBOXING = YES;
				GCC_C_LANGUAGE_STANDARD = gnu17;
				GCC_DYNAMIC_NO_PIC = NO;
				GCC_NO_COMMON_BLOCKS = YES;
				GCC_OPTIMIZATION_LEVEL = 0;
				GCC_PREPROCESSOR_DEFINITIONS = (
					"DEBUG=1",
					"$(inherited)",
				);
				GCC_WARN_64_TO_32_BIT_CONVERSION = YES;
				GCC_WARN_ABOUT_RETURN_TYPE = YES_ERROR;
				GCC_WARN_UNDECLARED_SELECTOR = YES;
				GCC_WARN_UNINITIALIZED_AUTOS = YES_AGGRESSIVE;
				GCC_WARN_UNUSED_FUNCTION = YES;
				GCC_WARN_UNUSED_VARIABLE = YES;
				IPHONEOS_DEPLOYMENT_TARGET = 17.5;
				LOCALIZATION_PREFERS_STRING_CATALOGS = YES;
				MTL_ENABLE_DEBUG_INFO = INCLUDE_SOURCE;
				MTL_FAST_MATH = YES;
				ONLY_ACTIVE_ARCH = YES;
				SDKROOT = iphoneos;
				SWIFT_ACTIVE_COMPILATION_CONDITIONS = "DEBUG $(inherited)";
				SWIFT_OPTIMIZATION_LEVEL = "-Onone";
			};
			name = Debug;
		};
		36851D9E2C35BBF90059D9AE /* Release */ = {
			isa = XCBuildConfiguration;
			buildSettings = {
				ALWAYS_SEARCH_USER_PATHS = NO;
				ASSETCATALOG_COMPILER_GENERATE_SWIFT_ASSET_SYMBOL_EXTENSIONS = YES;
				CLANG_ANALYZER_NONNULL = YES;
				CLANG_ANALYZER_NUMBER_OBJECT_CONVERSION = YES_AGGRESSIVE;
				CLANG_CXX_LANGUAGE_STANDARD = "gnu++20";
				CLANG_ENABLE_MODULES = YES;
				CLANG_ENABLE_OBJC_ARC = YES;
				CLANG_ENABLE_OBJC_WEAK = YES;
				CLANG_WARN_BLOCK_CAPTURE_AUTORELEASING = YES;
				CLANG_WARN_BOOL_CONVERSION = YES;
				CLANG_WARN_COMMA = YES;
				CLANG_WARN_CONSTANT_CONVERSION = YES;
				CLANG_WARN_DEPRECATED_OBJC_IMPLEMENTATIONS = YES;
				CLANG_WARN_DIRECT_OBJC_ISA_USAGE = YES_ERROR;
				CLANG_WARN_DOCUMENTATION_COMMENTS = YES;
				CLANG_WARN_EMPTY_BODY = YES;
				CLANG_WARN_ENUM_CONVERSION = YES;
				CLANG_WARN_INFINITE_RECURSION = YES;
				CLANG_WARN_INT_CONVERSION = YES;
				CLANG_WARN_NON_LITERAL_NULL_CONVERSION = YES;
				CLANG_WARN_OBJC_IMPLICIT_RETAIN_SELF = YES;
				CLANG_WARN_OBJC_LITERAL_CONVERSION = YES;
				CLANG_WARN_OBJC_ROOT_CLASS = YES_ERROR;
				CLANG_WARN_QUOTED_INCLUDE_IN_FRAMEWORK_HEADER = YES;
				CLANG_WARN_RANGE_LOOP_ANALYSIS = YES;
				CLANG_WARN_STRICT_PROTOTYPES = YES;
				CLANG_WARN_SUSPICIOUS_MOVE = YES;
				CLANG_WARN_UNGUARDED_AVAILABILITY = YES_AGGRESSIVE;
				CLANG_WARN_UNREACHABLE_CODE = YES;
				CLANG_WARN__DUPLICATE_METHOD_MATCH = YES;
				COPY_PHASE_STRIP = NO;
				DEBUG_INFORMATION_FORMAT = "dwarf-with-dsym";
				ENABLE_NS_ASSERTIONS = NO;
				ENABLE_STRICT_OBJC_MSGSEND = YES;
				ENABLE_USER_SCRIPT_SANDBOXING = YES;
				GCC_C_LANGUAGE_STANDARD = gnu17;
				GCC_NO_COMMON_BLOCKS = YES;
				GCC_WARN_64_TO_32_BIT_CONVERSION = YES;
				GCC_WARN_ABOUT_RETURN_TYPE = YES_ERROR;
				GCC_WARN_UNDECLARED_SELECTOR = YES;
				GCC_WARN_UNINITIALIZED_AUTOS = YES_AGGRESSIVE;
				GCC_WARN_UNUSED_FUNCTION = YES;
				GCC_WARN_UNUSED_VARIABLE = YES;
				IPHONEOS_DEPLOYMENT_TARGET = 17.5;
				LOCALIZATION_PREFERS_STRING_CATALOGS = YES;
				MTL_ENABLE_DEBUG_INFO = NO;
				MTL_FAST_MATH = YES;
				SDKROOT = iphoneos;
				SWIFT_COMPILATION_MODE = wholemodule;
				VALIDATE_PRODUCT = YES;
			};
			name = Release;
		};
		36851DA02C35BBF90059D9AE /* Debug */ = {
			isa = XCBuildConfiguration;
			buildSettings = {
				ASSETCATALOG_COMPILER_APPICON_NAME = AppIcon;
				ASSETCATALOG_COMPILER_GLOBAL_ACCENT_COLOR_NAME = AccentColor;
				CODE_SIGN_STYLE = Automatic;
				CURRENT_PROJECT_VERSION = 1;
				GENERATE_INFOPLIST_FILE = YES;
				INFOPLIST_FILE = CG/Info.plist;
				INFOPLIST_KEY_NSLocationAlwaysUsageDescription = "We need your location for the best development of the game.";
				INFOPLIST_KEY_NSLocationWhenInUseUsageDescription = "We need your location for the best development of the game.";
				INFOPLIST_KEY_UIApplicationSupportsIndirectInputEvents = YES;
				INFOPLIST_KEY_UILaunchStoryboardName = LaunchScreen;
				INFOPLIST_KEY_UIMainStoryboardFile = Main;
				INFOPLIST_KEY_UISupportedInterfaceOrientations = "UIInterfaceOrientationLandscapeLeft UIInterfaceOrientationLandscapeRight";
				INFOPLIST_KEY_UISupportedInterfaceOrientations_iPad = "UIInterfaceOrientationLandscapeLeft UIInterfaceOrientationLandscapeRight UIInterfaceOrientationPortrait";
				LD_RUNPATH_SEARCH_PATHS = (
					"$(inherited)",
					"@executable_path/Frameworks",
				);
				MARKETING_VERSION = 1.0;
				PRODUCT_BUNDLE_IDENTIFIER = Odelia.CG;
				PRODUCT_NAME = "$(TARGET_NAME)";
				SWIFT_EMIT_LOC_STRINGS = YES;
				SWIFT_VERSION = 5.0;
				TARGETED_DEVICE_FAMILY = "1,2";
			};
			name = Debug;
		};
		36851DA12C35BBF90059D9AE /* Release */ = {
			isa = XCBuildConfiguration;
			buildSettings = {
				ASSETCATALOG_COMPILER_APPICON_NAME = AppIcon;
				ASSETCATALOG_COMPILER_GLOBAL_ACCENT_COLOR_NAME = AccentColor;
				CODE_SIGN_STYLE = Automatic;
				CURRENT_PROJECT_VERSION = 1;
				GENERATE_INFOPLIST_FILE = YES;
				INFOPLIST_FILE = CG/Info.plist;
				INFOPLIST_KEY_NSLocationAlwaysUsageDescription = "We need your location for the best development of the game.";
				INFOPLIST_KEY_NSLocationWhenInUseUsageDescription = "We need your location for the best development of the game.";
				INFOPLIST_KEY_UIApplicationSupportsIndirectInputEvents = YES;
				INFOPLIST_KEY_UILaunchStoryboardName = LaunchScreen;
				INFOPLIST_KEY_UIMainStoryboardFile = Main;
				INFOPLIST_KEY_UISupportedInterfaceOrientations = "UIInterfaceOrientationLandscapeLeft UIInterfaceOrientationLandscapeRight";
				INFOPLIST_KEY_UISupportedInterfaceOrientations_iPad = "UIInterfaceOrientationLandscapeLeft UIInterfaceOrientationLandscapeRight UIInterfaceOrientationPortrait";
				LD_RUNPATH_SEARCH_PATHS = (
					"$(inherited)",
					"@executable_path/Frameworks",
				);
				MARKETING_VERSION = 1.0;
				PRODUCT_BUNDLE_IDENTIFIER = Odelia.CG;
				PRODUCT_NAME = "$(TARGET_NAME)";
				SWIFT_EMIT_LOC_STRINGS = YES;
				SWIFT_VERSION = 5.0;
				TARGETED_DEVICE_FAMILY = "1,2";
			};
			name = Release;
		};
/* End XCBuildConfiguration section */

/* Begin XCConfigurationList section */
		36851D862C35BBF70059D9AE /* Build configuration list for PBXProject "CG" */ = {
			isa = XCConfigurationList;
			buildConfigurations = (
				36851D9D2C35BBF90059D9AE /* Debug */,
				36851D9E2C35BBF90059D9AE /* Release */,
			);
			defaultConfigurationIsVisible = 0;
			defaultConfigurationName = Release;
		};
		36851D9F2C35BBF90059D9AE /* Build configuration list for PBXNativeTarget "CG" */ = {
			isa = XCConfigurationList;
			buildConfigurations = (
				36851DA02C35BBF90059D9AE /* Debug */,
				36851DA12C35BBF90059D9AE /* Release */,
			);
			defaultConfigurationIsVisible = 0;
			defaultConfigurationName = Release;
		};
/* End XCConfigurationList section */
	};
	rootObject = 36851D832C35BBF70059D9AE /* Project object */;
}
